
Microsoft Visual Studio Solution File, Format Version 12.00
# Visual Studio 15
Project("{F2A71F9B-5D33-465A-A702-920D77279786}") = "radarUdpF", "radarUdpF\radarUdpF.fsproj", "{EE4EDA31-124D-43DD-A4D5-EE856033A391}"
EndProject
Global
	GlobalSection(SolutionConfigurationPlatforms) = preSolution
		Debug|Any CPU = Debug|Any CPU
		Release|Any CPU = Release|Any CPU
	EndGlobalSection
	GlobalSection(ProjectConfigurationPlatforms) = postSolution
		{C1462B5E-E67F-4F4B-89B9-3F7AE63D8307}.Debug|Any CPU.ActiveCfg = Debug|Any CPU
		{C1462B5E-E67F-4F4B-89B9-3F7AE63D8307}.Debug|Any CPU.Build.0 = Debug|Any CPU
		{C1462B5E-E67F-4F4B-89B9-3F7AE63D8307}.Release|Any CPU.ActiveCfg = Release|Any CPU
		{C1462B5E-E67F-4F4B-89B9-3F7AE63D8307}.Release|Any CPU.Build.0 = Release|Any CPU
		{A9C41465-7B05-4A3E-A2E5-400BF0831ADF}.Debug|Any CPU.ActiveCfg = Debug|Any CPU
		{A9C41465-7B05-4A3E-A2E5-400BF0831ADF}.Debug|Any CPU.Build.0 = Debug|Any CPU
		{A9C41465-7B05-4A3E-A2E5-400BF0831ADF}.Release|Any CPU.ActiveCfg = Release|Any CPU
		{A9C41465-7B05-4A3E-A2E5-400BF0831ADF}.Release|Any CPU.Build.0 = Release|Any CPU
		{AA699C83-4D81-44D9-81DF-91EFA5FFD20D}.Debug|Any CPU.ActiveCfg = Debug|Any CPU
		{AA699C83-4D81-44D9-81DF-91EFA5FFD20D}.Debug|Any CPU.Build.0 = Debug|Any CPU
		{AA699C83-4D81-44D9-81DF-91EFA5FFD20D}.Release|Any CPU.ActiveCfg = Release|Any CPU
		{AA699C83-4D81-44D9-81DF-91EFA5FFD20D}.Release|Any CPU.Build.0 = Release|Any CPU
		{CC1B89F6-19ED-4DED-972D-875BB90087EF}.Debug|Any CPU.ActiveCfg = Debug|Any CPU
		{CC1B89F6-19ED-4DED-972D-875BB90087EF}.Debug|Any CPU.Build.0 = Debug|Any CPU
		{CC1B89F6-19ED-4DED-972D-875BB90087EF}.Release|Any CPU.ActiveCfg = Release|Any CPU
		{CC1B89F6-19ED-4DED-972D-875BB90087EF}.Release|Any CPU.Build.0 = Release|Any CPU
		{FCD66012-8218-4AFD-AA61-642986AC7D83}.Debug|Any CPU.ActiveCfg = Debug|Any CPU
		{FCD66012-8218-4AFD-AA61-642986AC7D83}.Debug|Any CPU.Build.0 = Debug|Any CPU
		{FCD66012-8218-4AFD-AA61-642986AC7D83}.Release|Any CPU.ActiveCfg = Release|Any CPU
		{FCD66012-8218-4AFD-AA61-642986AC7D83}.Release|Any CPU.Build.0 = Release|Any CPU
		{9553DECC-4239-48A0-8A72-238220668EE4}.Debug|Any CPU.ActiveCfg = Debug|Any CPU
		{9553DECC-4239-48A0-8A72-238220668EE4}.Debug|Any CPU.Build.0 = Debug|Any CPU
		{9553DECC-4239-48A0-8A72-238220668EE4}.Release|Any CPU.ActiveCfg = Release|Any CPU
		{9553DECC-4239-48A0-8A72-238220668EE4}.Release|Any CPU.Build.0 = Release|Any CPU
		{EE4EDA31-124D-43DD-A4D5-EE856033A391}.Debug|Any CPU.ActiveCfg = Debug|Any CPU
		{EE4EDA31-124D-43DD-A4D5-EE856033A391}.Debug|Any CPU.Build.0 = Debug|Any CPU
		{EE4EDA31-124D-43DD-A4D5-EE856033A391}.Release|Any CPU.ActiveCfg = Release|Any CPU
		{EE4EDA31-124D-43DD-A4D5-EE856033A391}.Release|Any CPU.Build.0 = Release|Any CPU
	EndGlobalSection
	GlobalSection(MonoDevelopProperties) = preSolution
		version = 0.3
		description = @Alpherg is a tiny experimental project decrypting some UDP packets\n\nhttps://github.com/ShowingCloud/Alpherg
	EndGlobalSection
EndGlobal
